
Microsoft Visual Studio Solution File, Format Version 12.00
# Visual Studio 14
VisualStudioVersion = 14.0.25420.1
MinimumVisualStudioVersion = 10.0.40219.1
Project("{FAE04EC0-301F-11D3-BF4B-00C04F79EFBC}") = "WPF_DirectoryInfo", "WPF_DirectoryInfo\WPF_DirectoryInfo.csproj", "{3D2A48CF-7147-42A8-97DA-D508F1BE4639}"
EndProject
Project("{FAE04EC0-301F-11D3-BF4B-00C04F79EFBC}") = "WebApi_ClientForWCF", "WebApi_ClientForWCF\WebApi_ClientForWCF.csproj", "{C1C7E142-05A7-4ECB-90B9-F6A3CC2F790F}"
	ProjectSection(ProjectDependencies) = postProject
		{7279DFE7-ADA7-4D8A-A0A8-FA768D36CE13} = {7279DFE7-ADA7-4D8A-A0A8-FA768D36CE13}
	EndProjectSection
EndProject
Project("{FAE04EC0-301F-11D3-BF4B-00C04F79EFBC}") = "WCF_Service", "WCF_Service\WCF_Service.csproj", "{7279DFE7-ADA7-4D8A-A0A8-FA768D36CE13}"
EndProject
Global
	GlobalSection(SolutionConfigurationPlatforms) = preSolution
		Debug|Any CPU = Debug|Any CPU
		Release|Any CPU = Release|Any CPU
	EndGlobalSection
	GlobalSection(ProjectConfigurationPlatforms) = postSolution
		{3D2A48CF-7147-42A8-97DA-D508F1BE4639}.Debug|Any CPU.ActiveCfg = Debug|Any CPU
		{3D2A48CF-7147-42A8-97DA-D508F1BE4639}.Debug|Any CPU.Build.0 = Debug|Any CPU
		{3D2A48CF-7147-42A8-97DA-D508F1BE4639}.Release|Any CPU.ActiveCfg = Release|Any CPU
		{3D2A48CF-7147-42A8-97DA-D508F1BE4639}.Release|Any CPU.Build.0 = Release|Any CPU
		{C1C7E142-05A7-4ECB-90B9-F6A3CC2F790F}.Debug|Any CPU.ActiveCfg = Debug|Any CPU
		{C1C7E142-05A7-4ECB-90B9-F6A3CC2F790F}.Debug|Any CPU.Build.0 = Debug|Any CPU
		{C1C7E142-05A7-4ECB-90B9-F6A3CC2F790F}.Release|Any CPU.ActiveCfg = Release|Any CPU
		{C1C7E142-05A7-4ECB-90B9-F6A3CC2F790F}.Release|Any CPU.Build.0 = Release|Any CPU
		{7279DFE7-ADA7-4D8A-A0A8-FA768D36CE13}.Debug|Any CPU.ActiveCfg = Debug|Any CPU
		{7279DFE7-ADA7-4D8A-A0A8-FA768D36CE13}.Debug|Any CPU.Build.0 = Debug|Any CPU
		{7279DFE7-ADA7-4D8A-A0A8-FA768D36CE13}.Release|Any CPU.ActiveCfg = Release|Any CPU
		{7279DFE7-ADA7-4D8A-A0A8-FA768D36CE13}.Release|Any CPU.Build.0 = Release|Any CPU
	EndGlobalSection
	GlobalSection(SolutionProperties) = preSolution
		HideSolutionNode = FALSE
	EndGlobalSection
EndGlobal
